
Microsoft Visual Studio Solution File, Format Version 11.00
# Visual Studio 2010
Project("{FAE04EC0-301F-11D3-BF4B-00C04F79EFBC}") = "ShoppingCostAnalysis", "ShoppingCostAnalyser\ShoppingCostAnalysis.csproj", "{28F79CE6-BB45-4A63-93FC-F28542B2CAF1}"
EndProject
Project("{FAE04EC0-301F-11D3-BF4B-00C04F79EFBC}") = "ShoppingCostAnalysis.Tests", "ShoppingCostAnalyser.Tests\ShoppingCostAnalysis.Tests.csproj", "{5C66B2B8-15DF-4B64-949F-5E6B05652EFF}"
EndProject
Global
	GlobalSection(SolutionConfigurationPlatforms) = preSolution
		Debug|Any CPU = Debug|Any CPU
		Release|Any CPU = Release|Any CPU
	EndGlobalSection
	GlobalSection(ProjectConfigurationPlatforms) = postSolution
		{28F79CE6-BB45-4A63-93FC-F28542B2CAF1}.Debug|Any CPU.ActiveCfg = Debug|Any CPU
		{28F79CE6-BB45-4A63-93FC-F28542B2CAF1}.Debug|Any CPU.Build.0 = Debug|Any CPU
		{28F79CE6-BB45-4A63-93FC-F28542B2CAF1}.Release|Any CPU.ActiveCfg = Release|Any CPU
		{28F79CE6-BB45-4A63-93FC-F28542B2CAF1}.Release|Any CPU.Build.0 = Release|Any CPU
		{5C66B2B8-15DF-4B64-949F-5E6B05652EFF}.Debug|Any CPU.ActiveCfg = Debug|Any CPU
		{5C66B2B8-15DF-4B64-949F-5E6B05652EFF}.Debug|Any CPU.Build.0 = Debug|Any CPU
		{5C66B2B8-15DF-4B64-949F-5E6B05652EFF}.Release|Any CPU.ActiveCfg = Release|Any CPU
		{5C66B2B8-15DF-4B64-949F-5E6B05652EFF}.Release|Any CPU.Build.0 = Release|Any CPU
	EndGlobalSection
	GlobalSection(SolutionProperties) = preSolution
		HideSolutionNode = FALSE
	EndGlobalSection
EndGlobal
